PODS:
  - RealReachability (1.3.0):
    - RealReachability/Connection (= 1.3.0)
    - RealReachability/Ping (= 1.3.0)
  - RealReachability/Connection (1.3.0)
  - RealReachability/Ping (1.3.0)

DEPENDENCIES:
  - RealReachability

SPEC REPOS:
  https://github.com/cocoapods/specs.git:
    - RealReachability

SPEC CHECKSUMS:
  RealReachability: eae9c58d2db52fadd8e1cba4b5d4c028454fbc47

PODFILE CHECKSUM: ae70686e5cb7969a7ae40b4e65ed5ebcbbfabe0a

COCOAPODS: 1.5.3
